
Microsoft Visual Studio Solution File, Format Version 12.00
# Visual Studio Version 17
VisualStudioVersion = 17.9.34728.123
MinimumVisualStudioVersion = 10.0.40219.1
Project("{8BC9CEB8-8B4A-11D0-8D11-00A0C91BC942}") = "Program", "Program.vcxproj", "{3F8714A4-D0FE-4922-9C87-7707A5E6AAAE}"
EndProject
Project("{8BC9CEB8-8B4A-11D0-8D11-00A0C91BC942}") = "Class1th (Input System)", "..\Class1th (Input System)\Class1th (Input System).vcxproj", "{D1280268-7389-48E8-ABFF-39FDF8694FA0}"
EndProject
Project("{8BC9CEB8-8B4A-11D0-8D11-00A0C91BC942}") = "Class2th (Time)", "..\Class2th (Time)\Class2th (Time).vcxproj", "{D1E313BC-6E73-47FF-9504-926243EE7C66}"
EndProject
Global
	GlobalSection(SolutionConfigurationPlatforms) = preSolution
		Debug|x64 = Debug|x64
		Debug|x86 = Debug|x86
		Release|x64 = Release|x64
		Release|x86 = Release|x86
	EndGlobalSection
	GlobalSection(ProjectConfigurationPlatforms) = postSolution
		{3F8714A4-D0FE-4922-9C87-7707A5E6AAAE}.Debug|x64.ActiveCfg = Debug|x64
		{3F8714A4-D0FE-4922-9C87-7707A5E6AAAE}.Debug|x64.Build.0 = Debug|x64
		{3F8714A4-D0FE-4922-9C87-7707A5E6AAAE}.Debug|x86.ActiveCfg = Debug|Win32
		{3F8714A4-D0FE-4922-9C87-7707A5E6AAAE}.Debug|x86.Build.0 = Debug|Win32
		{3F8714A4-D0FE-4922-9C87-7707A5E6AAAE}.Release|x64.ActiveCfg = Release|x64
		{3F8714A4-D0FE-4922-9C87-7707A5E6AAAE}.Release|x64.Build.0 = Release|x64
		{3F8714A4-D0FE-4922-9C87-7707A5E6AAAE}.Release|x86.ActiveCfg = Release|Win32
		{3F8714A4-D0FE-4922-9C87-7707A5E6AAAE}.Release|x86.Build.0 = Release|Win32
		{D1280268-7389-48E8-ABFF-39FDF8694FA0}.Debug|x64.ActiveCfg = Debug|x64
		{D1280268-7389-48E8-ABFF-39FDF8694FA0}.Debug|x64.Build.0 = Debug|x64
		{D1280268-7389-48E8-ABFF-39FDF8694FA0}.Debug|x86.ActiveCfg = Debug|Win32
		{D1280268-7389-48E8-ABFF-39FDF8694FA0}.Debug|x86.Build.0 = Debug|Win32
		{D1280268-7389-48E8-ABFF-39FDF8694FA0}.Release|x64.ActiveCfg = Release|x64
		{D1280268-7389-48E8-ABFF-39FDF8694FA0}.Release|x64.Build.0 = Release|x64
		{D1280268-7389-48E8-ABFF-39FDF8694FA0}.Release|x86.ActiveCfg = Release|Win32
		{D1280268-7389-48E8-ABFF-39FDF8694FA0}.Release|x86.Build.0 = Release|Win32
		{D1E313BC-6E73-47FF-9504-926243EE7C66}.Debug|x64.ActiveCfg = Debug|x64
		{D1E313BC-6E73-47FF-9504-926243EE7C66}.Debug|x64.Build.0 = Debug|x64
		{D1E313BC-6E73-47FF-9504-926243EE7C66}.Debug|x86.ActiveCfg = Debug|Win32
		{D1E313BC-6E73-47FF-9504-926243EE7C66}.Debug|x86.Build.0 = Debug|Win32
		{D1E313BC-6E73-47FF-9504-926243EE7C66}.Release|x64.ActiveCfg = Release|x64
		{D1E313BC-6E73-47FF-9504-926243EE7C66}.Release|x64.Build.0 = Release|x64
		{D1E313BC-6E73-47FF-9504-926243EE7C66}.Release|x86.ActiveCfg = Release|Win32
		{D1E313BC-6E73-47FF-9504-926243EE7C66}.Release|x86.Build.0 = Release|Win32
	EndGlobalSection
	GlobalSection(SolutionProperties) = preSolution
		HideSolutionNode = FALSE
	EndGlobalSection
	GlobalSection(ExtensibilityGlobals) = postSolution
		SolutionGuid = {96D845B6-DE0E-47BF-809F-AE02E6F6056A}
	EndGlobalSection
EndGlobal
